
Microsoft Visual Studio Solution File, Format Version 12.00
# Visual Studio Version 16
VisualStudioVersion = 16.0.31105.61
MinimumVisualStudioVersion = 10.0.40219.1
Project("{FAE04EC0-301F-11D3-BF4B-00C04F79EFBC}") = "RestApis", "RestApis\RestApis.csproj", "{60539F40-F115-4483-9561-98E5775E7BB4}"
EndProject
Global
	GlobalSection(SolutionConfigurationPlatforms) = preSolution
		Debug|Any CPU = Debug|Any CPU
		Release|Any CPU = Release|Any CPU
	EndGlobalSection
	GlobalSection(ProjectConfigurationPlatforms) = postSolution
		{60539F40-F115-4483-9561-98E5775E7BB4}.Debug|Any CPU.ActiveCfg = Debug|Any CPU
		{60539F40-F115-4483-9561-98E5775E7BB4}.Debug|Any CPU.Build.0 = Debug|Any CPU
		{60539F40-F115-4483-9561-98E5775E7BB4}.Release|Any CPU.ActiveCfg = Release|Any CPU
		{60539F40-F115-4483-9561-98E5775E7BB4}.Release|Any CPU.Build.0 = Release|Any CPU
	EndGlobalSection
	GlobalSection(SolutionProperties) = preSolution
		HideSolutionNode = FALSE
	EndGlobalSection
	GlobalSection(ExtensibilityGlobals) = postSolution
		SolutionGuid = {C6BB8CB9-A41E-4294-A290-DB79E8984AC4}
	EndGlobalSection
EndGlobal
